// !$*UTF8*$!
{
	archiveVersion = 1;
	classes = {
	};
	objectVersion = 55;
	objects = {

/* Begin PBXBuildFile section */
		ED24514728AA30A8007C3FF1 /* CloudKit.framework in Frameworks */ = {isa = PBXBuildFile; fileRef = ED24514628AA30A8007C3FF1 /* CloudKit.framework */; };
		ED47C74B28AA08E700CA1C71 /* Localizable.strings in Resources */ = {isa = PBXBuildFile; fileRef = ED47C74D28AA08E700CA1C71 /* Localizable.strings */; };
		ED4BF97328A129AB001E29E7 /* OffersPageView.swift in Sources */ = {isa = PBXBuildFile; fileRef = ED4BF97228A129AB001E29E7 /* OffersPageView.swift */; };
		ED63810428AF2C3900B856DF /* OfferDetailView.swift in Sources */ = {isa = PBXBuildFile; fileRef = ED63810328AF2C3900B856DF /* OfferDetailView.swift */; };
		ED63810628AF2CA400B856DF /* OfferWebView.swift in Sources */ = {isa = PBXBuildFile; fileRef = ED63810528AF2CA400B856DF /* OfferWebView.swift */; };
		ED63810828AF325000B856DF /* LoadingView.swift in Sources */ = {isa = PBXBuildFile; fileRef = ED63810728AF325000B856DF /* LoadingView.swift */; };
		ED99CE0D289A54D500A2DE1F /* CreditMixApp.swift in Sources */ = {isa = PBXBuildFile; fileRef = ED99CE0C289A54D500A2DE1F /* CreditMixApp.swift */; };
		ED99CE11289A54D600A2DE1F /* Assets.xcassets in Resources */ = {isa = PBXBuildFile; fileRef = ED99CE10289A54D600A2DE1F /* Assets.xcassets */; };
		ED99CE14289A54D600A2DE1F /* Preview Assets.xcassets in Resources */ = {isa = PBXBuildFile; fileRef = ED99CE13289A54D600A2DE1F /* Preview Assets.xcassets */; };
		ED99CE1E289A872C00A2DE1F /* MainView.swift in Sources */ = {isa = PBXBuildFile; fileRef = ED99CE1D289A872C00A2DE1F /* MainView.swift */; };
		ED99CE20289A953D00A2DE1F /* BottomView.swift in Sources */ = {isa = PBXBuildFile; fileRef = ED99CE1F289A953D00A2DE1F /* BottomView.swift */; };
		EDA624E328AA26400064C176 /* NewsWebView.swift in Sources */ = {isa = PBXBuildFile; fileRef = EDA624E228AA26400064C176 /* NewsWebView.swift */; };
		EDB39F36289BA23E007F85F3 /* Utilities.swift in Sources */ = {isa = PBXBuildFile; fileRef = EDB39F35289BA23E007F85F3 /* Utilities.swift */; };
		EDB39F51289BA2FC007F85F3 /* Manrope-Light.ttf in Resources */ = {isa = PBXBuildFile; fileRef = EDB39F38289BA2FB007F85F3 /* Manrope-Light.ttf */; };
		EDB39F52289BA2FC007F85F3 /* Inter-Thin.otf in Resources */ = {isa = PBXBuildFile; fileRef = EDB39F39289BA2FB007F85F3 /* Inter-Thin.otf */; };
		EDB39F53289BA2FC007F85F3 /* Inter-BlackItalic.otf in Resources */ = {isa = PBXBuildFile; fileRef = EDB39F3A289BA2FB007F85F3 /* Inter-BlackItalic.otf */; };
		EDB39F54289BA2FC007F85F3 /* Inter-Italic.otf in Resources */ = {isa = PBXBuildFile; fileRef = EDB39F3B289BA2FB007F85F3 /* Inter-Italic.otf */; };
		EDB39F55289BA2FC007F85F3 /* Inter-Black.otf in Resources */ = {isa = PBXBuildFile; fileRef = EDB39F3C289BA2FB007F85F3 /* Inter-Black.otf */; };
		EDB39F56289BA2FC007F85F3 /* Manrope-ExtraBold.ttf in Resources */ = {isa = PBXBuildFile; fileRef = EDB39F3D289BA2FB007F85F3 /* Manrope-ExtraBold.ttf */; };
		EDB39F57289BA2FC007F85F3 /* Inter-LightItalic.otf in Resources */ = {isa = PBXBuildFile; fileRef = EDB39F3E289BA2FB007F85F3 /* Inter-LightItalic.otf */; };
		EDB39F58289BA2FC007F85F3 /* Inter-ExtraBoldItalic.otf in Resources */ = {isa = PBXBuildFile; fileRef = EDB39F3F289BA2FB007F85F3 /* Inter-ExtraBoldItalic.otf */; };
		EDB39F59289BA2FC007F85F3 /* Manrope-Bold.ttf in Resources */ = {isa = PBXBuildFile; fileRef = EDB39F40289BA2FB007F85F3 /* Manrope-Bold.ttf */; };
		EDB39F5A289BA2FC007F85F3 /* Inter-Regular.otf in Resources */ = {isa = PBXBuildFile; fileRef = EDB39F41289BA2FB007F85F3 /* Inter-Regular.otf */; };
		EDB39F5B289BA2FC007F85F3 /* Inter-SemiBold.otf in Resources */ = {isa = PBXBuildFile; fileRef = EDB39F42289BA2FB007F85F3 /* Inter-SemiBold.otf */; };
		EDB39F5C289BA2FC007F85F3 /* Inter-ThinItalic.otf in Resources */ = {isa = PBXBuildFile; fileRef = EDB39F43289BA2FB007F85F3 /* Inter-ThinItalic.otf */; };
		EDB39F5D289BA2FC007F85F3 /* Inter-BoldItalic.otf in Resources */ = {isa = PBXBuildFile; fileRef = EDB39F44289BA2FB007F85F3 /* Inter-BoldItalic.otf */; };
		EDB39F5E289BA2FC007F85F3 /* Inter-SemiBoldItalic.otf in Resources */ = {isa = PBXBuildFile; fileRef = EDB39F45289BA2FB007F85F3 /* Inter-SemiBoldItalic.otf */; };
		EDB39F5F289BA2FC007F85F3 /* Inter-Light.otf in Resources */ = {isa = PBXBuildFile; fileRef = EDB39F46289BA2FB007F85F3 /* Inter-Light.otf */; };
		EDB39F60289BA2FC007F85F3 /* Manrope-ExtraLight.ttf in Resources */ = {isa = PBXBuildFile; fileRef = EDB39F47289BA2FC007F85F3 /* Manrope-ExtraLight.ttf */; };
		EDB39F61289BA2FC007F85F3 /* Inter-ExtraLight.otf in Resources */ = {isa = PBXBuildFile; fileRef = EDB39F48289BA2FC007F85F3 /* Inter-ExtraLight.otf */; };
		EDB39F62289BA2FC007F85F3 /* Manrope-Medium.ttf in Resources */ = {isa = PBXBuildFile; fileRef = EDB39F49289BA2FC007F85F3 /* Manrope-Medium.ttf */; };
		EDB39F63289BA2FC007F85F3 /* Manrope-Regular.ttf in Resources */ = {isa = PBXBuildFile; fileRef = EDB39F4A289BA2FC007F85F3 /* Manrope-Regular.ttf */; };
		EDB39F64289BA2FC007F85F3 /* Manrope-SemiBold.ttf in Resources */ = {isa = PBXBuildFile; fileRef = EDB39F4B289BA2FC007F85F3 /* Manrope-SemiBold.ttf */; };
		EDB39F65289BA2FC007F85F3 /* Inter-Bold.otf in Resources */ = {isa = PBXBuildFile; fileRef = EDB39F4C289BA2FC007F85F3 /* Inter-Bold.otf */; };
		EDB39F66289BA2FC007F85F3 /* Inter-MediumItalic.otf in Resources */ = {isa = PBXBuildFile; fileRef = EDB39F4D289BA2FC007F85F3 /* Inter-MediumItalic.otf */; };
		EDB39F67289BA2FC007F85F3 /* Inter-ExtraLightItalic.otf in Resources */ = {isa = PBXBuildFile; fileRef = EDB39F4E289BA2FC007F85F3 /* Inter-ExtraLightItalic.otf */; };
		EDB39F68289BA2FC007F85F3 /* Inter-Medium.otf in Resources */ = {isa = PBXBuildFile; fileRef = EDB39F4F289BA2FC007F85F3 /* Inter-Medium.otf */; };
		EDB39F69289BA2FC007F85F3 /* Inter-ExtraBold.otf in Resources */ = {isa = PBXBuildFile; fileRef = EDB39F50289BA2FC007F85F3 /* Inter-ExtraBold.otf */; };
		EDB39F6C289BA7DF007F85F3 /* TabItemView.swift in Sources */ = {isa = PBXBuildFile; fileRef = EDB39F6B289BA7DF007F85F3 /* TabItemView.swift */; };
		EDB39F70289BB39F007F85F3 /* OfferView.swift in Sources */ = {isa = PBXBuildFile; fileRef = EDB39F6F289BB39F007F85F3 /* OfferView.swift */; };
		EDB39F76289BBB12007F85F3 /* Golos Text_Black.ttf in Resources */ = {isa = PBXBuildFile; fileRef = EDB39F71289BBB12007F85F3 /* Golos Text_Black.ttf */; };
		EDB39F77289BBB12007F85F3 /* Golos Text_DemiBold.ttf in Resources */ = {isa = PBXBuildFile; fileRef = EDB39F72289BBB12007F85F3 /* Golos Text_DemiBold.ttf */; };
		EDB39F78289BBB12007F85F3 /* Golos Text_Bold.ttf in Resources */ = {isa = PBXBuildFile; fileRef = EDB39F73289BBB12007F85F3 /* Golos Text_Bold.ttf */; };
		EDB39F79289BBB12007F85F3 /* Golos Text_Medium.ttf in Resources */ = {isa = PBXBuildFile; fileRef = EDB39F74289BBB12007F85F3 /* Golos Text_Medium.ttf */; };
		EDB39F7A289BBB12007F85F3 /* Golos Text_Regular.ttf in Resources */ = {isa = PBXBuildFile; fileRef = EDB39F75289BBB12007F85F3 /* Golos Text_Regular.ttf */; };
		EDB39F7C289BD1E5007F85F3 /* TopView.swift in Sources */ = {isa = PBXBuildFile; fileRef = EDB39F7B289BD1E5007F85F3 /* TopView.swift */; };
		EDB39F80289BEE3D007F85F3 /* QuestionView.swift in Sources */ = {isa = PBXBuildFile; fileRef = EDB39F7F289BEE3D007F85F3 /* QuestionView.swift */; };
		EDC1BDDB289CF8FF00FBD424 /* QuestionViewModel.swift in Sources */ = {isa = PBXBuildFile; fileRef = EDC1BDDA289CF8FF00FBD424 /* QuestionViewModel.swift */; };
		EDC1BDDE289CFED800FBD424 /* FaqPageView.swift in Sources */ = {isa = PBXBuildFile; fileRef = EDC1BDDD289CFED800FBD424 /* FaqPageView.swift */; };
		EDC1BDE1289D082600FBD424 /* NewsView.swift in Sources */ = {isa = PBXBuildFile; fileRef = EDC1BDE0289D082600FBD424 /* NewsView.swift */; };
		EDC1BDE3289D2CF700FBD424 /* NewsPageView.swift in Sources */ = {isa = PBXBuildFile; fileRef = EDC1BDE2289D2CF700FBD424 /* NewsPageView.swift */; };
		EDC1BDE5289D2EC800FBD424 /* NewsViewModel.swift in Sources */ = {isa = PBXBuildFile; fileRef = EDC1BDE4289D2EC800FBD424 /* NewsViewModel.swift */; };
		EDC1BDE8289D35D400FBD424 /* NewsDetailView.swift in Sources */ = {isa = PBXBuildFile; fileRef = EDC1BDE7289D35D400FBD424 /* NewsDetailView.swift */; };
		EDC3CC1828A5F52700CE349B /* RoundedCornersShape.swift in Sources */ = {isa = PBXBuildFile; fileRef = EDC3CC1728A5F52700CE349B /* RoundedCornersShape.swift */; };
		EDC3CC1A28A5F57E00CE349B /* News.swift in Sources */ = {isa = PBXBuildFile; fileRef = EDC3CC1928A5F57E00CE349B /* News.swift */; };
		EDC3CC1C28A5F65200CE349B /* Question.swift in Sources */ = {isa = PBXBuildFile; fileRef = EDC3CC1B28A5F65200CE349B /* Question.swift */; };
		EDC3CC1E28A5FDFD00CE349B /* Offer.swift in Sources */ = {isa = PBXBuildFile; fileRef = EDC3CC1D28A5FDFD00CE349B /* Offer.swift */; };
		EDC3CC2028A5FEEF00CE349B /* OfferViewModel.swift in Sources */ = {isa = PBXBuildFile; fileRef = EDC3CC1F28A5FEEF00CE349B /* OfferViewModel.swift */; };
		EDC3CC4728A619D100CE349B /* ViewStyles.swift in Sources */ = {isa = PBXBuildFile; fileRef = EDC3CC4628A619D100CE349B /* ViewStyles.swift */; };
		EDC3CC4928A61AFF00CE349B /* TabItem.swift in Sources */ = {isa = PBXBuildFile; fileRef = EDC3CC4828A61AFF00CE349B /* TabItem.swift */; };
/* End PBXBuildFile section */

/* Begin PBXFileReference section */
		ED24514628AA30A8007C3FF1 /* CloudKit.framework */ = {isa = PBXFileReference; lastKnownFileType = wrapper.framework; name = CloudKit.framework; path = System/Library/Frameworks/CloudKit.framework; sourceTree = SDKROOT; };
		ED24514E28ABABC6007C3FF1 /* en */ = {isa = PBXFileReference; lastKnownFileType = text.plist.strings; name = en; path = en.lproj/Localizable.strings; sourceTree = "<group>"; };
		ED47C74228AA04ED00CA1C71 /* CreditMix.entitlements */ = {isa = PBXFileReference; lastKnownFileType = text.plist.entitlements; path = CreditMix.entitlements; sourceTree = "<group>"; };
		ED47C74C28AA08E700CA1C71 /* es */ = {isa = PBXFileReference; lastKnownFileType = text.plist.strings; name = es; path = es.lproj/Localizable.strings; sourceTree = "<group>"; };
		ED47C74F28AA096800CA1C71 /* vi */ = {isa = PBXFileReference; lastKnownFileType = text.plist.strings; name = vi; path = vi.lproj/Localizable.strings; sourceTree = "<group>"; };
		ED4BF97228A129AB001E29E7 /* OffersPageView.swift */ = {isa = PBXFileReference; lastKnownFileType = sourcecode.swift; path = OffersPageView.swift; sourceTree = "<group>"; };
		ED63810328AF2C3900B856DF /* OfferDetailView.swift */ = {isa = PBXFileReference; lastKnownFileType = sourcecode.swift; path = OfferDetailView.swift; sourceTree = "<group>"; };
		ED63810528AF2CA400B856DF /* OfferWebView.swift */ = {isa = PBXFileReference; lastKnownFileType = sourcecode.swift; path = OfferWebView.swift; sourceTree = "<group>"; };
		ED63810728AF325000B856DF /* LoadingView.swift */ = {isa = PBXFileReference; lastKnownFileType = sourcecode.swift; path = LoadingView.swift; sourceTree = "<group>"; };
		ED99CE09289A54D500A2DE1F /* CreditMix.app */ = {isa = PBXFileReference; explicitFileType = wrapper.application; includeInIndex = 0; path = CreditMix.app; sourceTree = BUILT_PRODUCTS_DIR; };
		ED99CE0C289A54D500A2DE1F /* CreditMixApp.swift */ = {isa = PBXFileReference; lastKnownFileType = sourcecode.swift; path = CreditMixApp.swift; sourceTree = "<group>"; };
		ED99CE10289A54D600A2DE1F /* Assets.xcassets */ = {isa = PBXFileReference; lastKnownFileType = folder.assetcatalog; path = Assets.xcassets; sourceTree = "<group>"; };
		ED99CE13289A54D600A2DE1F /* Preview Assets.xcassets */ = {isa = PBXFileReference; lastKnownFileType = folder.assetcatalog; path = "Preview Assets.xcassets"; sourceTree = "<group>"; };
		ED99CE1D289A872C00A2DE1F /* MainView.swift */ = {isa = PBXFileReference; lastKnownFileType = sourcecode.swift; path = MainView.swift; sourceTree = "<group>"; };
		ED99CE1F289A953D00A2DE1F /* BottomView.swift */ = {isa = PBXFileReference; lastKnownFileType = sourcecode.swift; path = BottomView.swift; sourceTree = "<group>"; };
		EDA624E228AA26400064C176 /* NewsWebView.swift */ = {isa = PBXFileReference; lastKnownFileType = sourcecode.swift; path = NewsWebView.swift; sourceTree = "<group>"; };
		EDB39F35289BA23E007F85F3 /* Utilities.swift */ = {isa = PBXFileReference; lastKnownFileType = sourcecode.swift; path = Utilities.swift; sourceTree = "<group>"; };
		EDB39F38289BA2FB007F85F3 /* Manrope-Light.ttf */ = {isa = PBXFileReference; lastKnownFileType = file; path = "Manrope-Light.ttf"; sourceTree = "<group>"; };
		EDB39F39289BA2FB007F85F3 /* Inter-Thin.otf */ = {isa = PBXFileReference; lastKnownFileType = file; path = "Inter-Thin.otf"; sourceTree = "<group>"; };
		EDB39F3A289BA2FB007F85F3 /* Inter-BlackItalic.otf */ = {isa = PBXFileReference; lastKnownFileType = file; path = "Inter-BlackItalic.otf"; sourceTree = "<group>"; };
		EDB39F3B289BA2FB007F85F3 /* Inter-Italic.otf */ = {isa = PBXFileReference; lastKnownFileType = file; path = "Inter-Italic.otf"; sourceTree = "<group>"; };
		EDB39F3C289BA2FB007F85F3 /* Inter-Black.otf */ = {isa = PBXFileReference; lastKnownFileType = file; path = "Inter-Black.otf"; sourceTree = "<group>"; };
		EDB39F3D289BA2FB007F85F3 /* Manrope-ExtraBold.ttf */ = {isa = PBXFileReference; lastKnownFileType = file; path = "Manrope-ExtraBold.ttf"; sourceTree = "<group>"; };
		EDB39F3E289BA2FB007F85F3 /* Inter-LightItalic.otf */ = {isa = PBXFileReference; lastKnownFileType = file; path = "Inter-LightItalic.otf"; sourceTree = "<group>"; };
		EDB39F3F289BA2FB007F85F3 /* Inter-ExtraBoldItalic.otf */ = {isa = PBXFileReference; lastKnownFileType = file; path = "Inter-ExtraBoldItalic.otf"; sourceTree = "<group>"; };
		EDB39F40289BA2FB007F85F3 /* Manrope-Bold.ttf */ = {isa = PBXFileReference; lastKnownFileType = file; path = "Manrope-Bold.ttf"; sourceTree = "<group>"; };
		EDB39F41289BA2FB007F85F3 /* Inter-Regular.otf */ = {isa = PBXFileReference; lastKnownFileType = file; path = "Inter-Regular.otf"; sourceTree = "<group>"; };
		EDB39F42289BA2FB007F85F3 /* Inter-SemiBold.otf */ = {isa = PBXFileReference; lastKnownFileType = file; path = "Inter-SemiBold.otf"; sourceTree = "<group>"; };
		EDB39F43289BA2FB007F85F3 /* Inter-ThinItalic.otf */ = {isa = PBXFileReference; lastKnownFileType = file; path = "Inter-ThinItalic.otf"; sourceTree = "<group>"; };
		EDB39F44289BA2FB007F85F3 /* Inter-BoldItalic.otf */ = {isa = PBXFileReference; lastKnownFileType = file; path = "Inter-BoldItalic.otf"; sourceTree = "<group>"; };
		EDB39F45289BA2FB007F85F3 /* Inter-SemiBoldItalic.otf */ = {isa = PBXFileReference; lastKnownFileType = file; path = "Inter-SemiBoldItalic.otf"; sourceTree = "<group>"; };
		EDB39F46289BA2FB007F85F3 /* Inter-Light.otf */ = {isa = PBXFileReference; lastKnownFileType = file; path = "Inter-Light.otf"; sourceTree = "<group>"; };
		EDB39F47289BA2FC007F85F3 /* Manrope-ExtraLight.ttf */ = {isa = PBXFileReference; lastKnownFileType = file; path = "Manrope-ExtraLight.ttf"; sourceTree = "<group>"; };
		EDB39F48289BA2FC007F85F3 /* Inter-ExtraLight.otf */ = {isa = PBXFileReference; lastKnownFileType = file; path = "Inter-ExtraLight.otf"; sourceTree = "<group>"; };
		EDB39F49289BA2FC007F85F3 /* Manrope-Medium.ttf */ = {isa = PBXFileReference; lastKnownFileType = file; path = "Manrope-Medium.ttf"; sourceTree = "<group>"; };
		EDB39F4A289BA2FC007F85F3 /* Manrope-Regular.ttf */ = {isa = PBXFileReference; lastKnownFileType = file; path = "Manrope-Regular.ttf"; sourceTree = "<group>"; };
		EDB39F4B289BA2FC007F85F3 /* Manrope-SemiBold.ttf */ = {isa = PBXFileReference; lastKnownFileType = file; path = "Manrope-SemiBold.ttf"; sourceTree = "<group>"; };
		EDB39F4C289BA2FC007F85F3 /* Inter-Bold.otf */ = {isa = PBXFileReference; lastKnownFileType = file; path = "Inter-Bold.otf"; sourceTree = "<group>"; };
		EDB39F4D289BA2FC007F85F3 /* Inter-MediumItalic.otf */ = {isa = PBXFileReference; lastKnownFileType = file; path = "Inter-MediumItalic.otf"; sourceTree = "<group>"; };
		EDB39F4E289BA2FC007F85F3 /* Inter-ExtraLightItalic.otf */ = {isa = PBXFileReference; lastKnownFileType = file; path = "Inter-ExtraLightItalic.otf"; sourceTree = "<group>"; };
		EDB39F4F289BA2FC007F85F3 /* Inter-Medium.otf */ = {isa = PBXFileReference; lastKnownFileType = file; path = "Inter-Medium.otf"; sourceTree = "<group>"; };
		EDB39F50289BA2FC007F85F3 /* Inter-ExtraBold.otf */ = {isa = PBXFileReference; lastKnownFileType = file; path = "Inter-ExtraBold.otf"; sourceTree = "<group>"; };
		EDB39F6A289BA41A007F85F3 /* Info.plist */ = {isa = PBXFileReference; lastKnownFileType = text.plist.xml; path = Info.plist; sourceTree = "<group>"; };
		EDB39F6B289BA7DF007F85F3 /* TabItemView.swift */ = {isa = PBXFileReference; lastKnownFileType = sourcecode.swift; path = TabItemView.swift; sourceTree = "<group>"; };
		EDB39F6F289BB39F007F85F3 /* OfferView.swift */ = {isa = PBXFileReference; lastKnownFileType = sourcecode.swift; path = OfferView.swift; sourceTree = "<group>"; };
		EDB39F71289BBB12007F85F3 /* Golos Text_Black.ttf */ = {isa = PBXFileReference; lastKnownFileType = file; path = "Golos Text_Black.ttf"; sourceTree = "<group>"; };
		EDB39F72289BBB12007F85F3 /* Golos Text_DemiBold.ttf */ = {isa = PBXFileReference; lastKnownFileType = file; path = "Golos Text_DemiBold.ttf"; sourceTree = "<group>"; };
		EDB39F73289BBB12007F85F3 /* Golos Text_Bold.ttf */ = {isa = PBXFileReference; lastKnownFileType = file; path = "Golos Text_Bold.ttf"; sourceTree = "<group>"; };
		EDB39F74289BBB12007F85F3 /* Golos Text_Medium.ttf */ = {isa = PBXFileReference; lastKnownFileType = file; path = "Golos Text_Medium.ttf"; sourceTree = "<group>"; };
		EDB39F75289BBB12007F85F3 /* Golos Text_Regular.ttf */ = {isa = PBXFileReference; lastKnownFileType = file; path = "Golos Text_Regular.ttf"; sourceTree = "<group>"; };
		EDB39F7B289BD1E5007F85F3 /* TopView.swift */ = {isa = PBXFileReference; lastKnownFileType = sourcecode.swift; path = TopView.swift; sourceTree = "<group>"; };
		EDB39F7F289BEE3D007F85F3 /* QuestionView.swift */ = {isa = PBXFileReference; lastKnownFileType = sourcecode.swift; path = QuestionView.swift; sourceTree = "<group>"; };
		EDC1BDDA289CF8FF00FBD424 /* QuestionViewModel.swift */ = {isa = PBXFileReference; lastKnownFileType = sourcecode.swift; path = QuestionViewModel.swift; sourceTree = "<group>"; };
		EDC1BDDD289CFED800FBD424 /* FaqPageView.swift */ = {isa = PBXFileReference; lastKnownFileType = sourcecode.swift; path = FaqPageView.swift; sourceTree = "<group>"; };
		EDC1BDE0289D082600FBD424 /* NewsView.swift */ = {isa = PBXFileReference; lastKnownFileType = sourcecode.swift; path = NewsView.swift; sourceTree = "<group>"; };
		EDC1BDE2289D2CF700FBD424 /* NewsPageView.swift */ = {isa = PBXFileReference; lastKnownFileType = sourcecode.swift; path = NewsPageView.swift; sourceTree = "<group>"; };
		EDC1BDE4289D2EC800FBD424 /* NewsViewModel.swift */ = {isa = PBXFileReference; lastKnownFileType = sourcecode.swift; path = NewsViewModel.swift; sourceTree = "<group>"; };
		EDC1BDE7289D35D400FBD424 /* NewsDetailView.swift */ = {isa = PBXFileReference; lastKnownFileType = sourcecode.swift; path = NewsDetailView.swift; sourceTree = "<group>"; };
		EDC3CC1728A5F52700CE349B /* RoundedCornersShape.swift */ = {isa = PBXFileReference; lastKnownFileType = sourcecode.swift; path = RoundedCornersShape.swift; sourceTree = "<group>"; };
		EDC3CC1928A5F57E00CE349B /* News.swift */ = {isa = PBXFileReference; lastKnownFileType = sourcecode.swift; path = News.swift; sourceTree = "<group>"; };
		EDC3CC1B28A5F65200CE349B /* Question.swift */ = {isa = PBXFileReference; lastKnownFileType = sourcecode.swift; path = Question.swift; sourceTree = "<group>"; };
		EDC3CC1D28A5FDFD00CE349B /* Offer.swift */ = {isa = PBXFileReference; lastKnownFileType = sourcecode.swift; path = Offer.swift; sourceTree = "<group>"; };
		EDC3CC1F28A5FEEF00CE349B /* OfferViewModel.swift */ = {isa = PBXFileReference; lastKnownFileType = sourcecode.swift; path = OfferViewModel.swift; sourceTree = "<group>"; };
		EDC3CC4628A619D100CE349B /* ViewStyles.swift */ = {isa = PBXFileReference; lastKnownFileType = sourcecode.swift; path = ViewStyles.swift; sourceTree = "<group>"; };
		EDC3CC4828A61AFF00CE349B /* TabItem.swift */ = {isa = PBXFileReference; lastKnownFileType = sourcecode.swift; path = TabItem.swift; sourceTree = "<group>"; };
/* End PBXFileReference section */

/* Begin PBXFrameworksBuildPhase section */
		ED99CE06289A54D500A2DE1F /* Frameworks */ = {
			isa = PBXFrameworksBuildPhase;
			buildActionMask = 2147483647;
			files = (
				ED24514728AA30A8007C3FF1 /* CloudKit.framework in Frameworks */,
			);
			runOnlyForDeploymentPostprocessing = 0;
		};
/* End PBXFrameworksBuildPhase section */

/* Begin PBXGroup section */
		ED24514528AA30A8007C3FF1 /* Frameworks */ = {
			isa = PBXGroup;
			children = (
				ED24514628AA30A8007C3FF1 /* CloudKit.framework */,
			);
			name = Frameworks;
			sourceTree = "<group>";
		};
		ED99CE00289A54D500A2DE1F = {
			isa = PBXGroup;
			children = (
				ED99CE0B289A54D500A2DE1F /* CreditMix */,
				ED99CE0A289A54D500A2DE1F /* Products */,
				ED24514528AA30A8007C3FF1 /* Frameworks */,
			);
			sourceTree = "<group>";
		};
		ED99CE0A289A54D500A2DE1F /* Products */ = {
			isa = PBXGroup;
			children = (
				ED99CE09289A54D500A2DE1F /* CreditMix.app */,
			);
			name = Products;
			sourceTree = "<group>";
		};
		ED99CE0B289A54D500A2DE1F /* CreditMix */ = {
			isa = PBXGroup;
			children = (
				ED47C74228AA04ED00CA1C71 /* CreditMix.entitlements */,
				ED99CE0C289A54D500A2DE1F /* CreditMixApp.swift */,
				EDB39F6A289BA41A007F85F3 /* Info.plist */,
				EDC3CC1428A5F4C200CE349B /* Views */,
				EDC3CC1528A5F4CA00CE349B /* ViewModels */,
				EDC3CC1628A5F4D300CE349B /* Models */,
				ED99CE10289A54D600A2DE1F /* Assets.xcassets */,
				ED47C74D28AA08E700CA1C71 /* Localizable.strings */,
				EDB39F35289BA23E007F85F3 /* Utilities.swift */,
				EDC3CC4628A619D100CE349B /* ViewStyles.swift */,
				EDB39F37289BA2D2007F85F3 /* Fonts */,
				ED99CE12289A54D600A2DE1F /* Preview Content */,
			);
			path = CreditMix;
			sourceTree = "<group>";
		};
		ED99CE12289A54D600A2DE1F /* Preview Content */ = {
			isa = PBXGroup;
			children = (
				ED99CE13289A54D600A2DE1F /* Preview Assets.xcassets */,
			);
			path = "Preview Content";
			sourceTree = "<group>";
		};
		EDB39F37289BA2D2007F85F3 /* Fonts */ = {
			isa = PBXGroup;
			children = (
				EDB39F3C289BA2FB007F85F3 /* Inter-Black.otf */,
				EDB39F3A289BA2FB007F85F3 /* Inter-BlackItalic.otf */,
				EDB39F4C289BA2FC007F85F3 /* Inter-Bold.otf */,
				EDB39F44289BA2FB007F85F3 /* Inter-BoldItalic.otf */,
				EDB39F50289BA2FC007F85F3 /* Inter-ExtraBold.otf */,
				EDB39F3F289BA2FB007F85F3 /* Inter-ExtraBoldItalic.otf */,
				EDB39F48289BA2FC007F85F3 /* Inter-ExtraLight.otf */,
				EDB39F4E289BA2FC007F85F3 /* Inter-ExtraLightItalic.otf */,
				EDB39F3B289BA2FB007F85F3 /* Inter-Italic.otf */,
				EDB39F46289BA2FB007F85F3 /* Inter-Light.otf */,
				EDB39F3E289BA2FB007F85F3 /* Inter-LightItalic.otf */,
				EDB39F4F289BA2FC007F85F3 /* Inter-Medium.otf */,
				EDB39F71289BBB12007F85F3 /* Golos Text_Black.ttf */,
				EDB39F73289BBB12007F85F3 /* Golos Text_Bold.ttf */,
				EDB39F72289BBB12007F85F3 /* Golos Text_DemiBold.ttf */,
				EDB39F74289BBB12007F85F3 /* Golos Text_Medium.ttf */,
				EDB39F75289BBB12007F85F3 /* Golos Text_Regular.ttf */,
				EDB39F4D289BA2FC007F85F3 /* Inter-MediumItalic.otf */,
				EDB39F41289BA2FB007F85F3 /* Inter-Regular.otf */,
				EDB39F42289BA2FB007F85F3 /* Inter-SemiBold.otf */,
				EDB39F45289BA2FB007F85F3 /* Inter-SemiBoldItalic.otf */,
				EDB39F39289BA2FB007F85F3 /* Inter-Thin.otf */,
				EDB39F43289BA2FB007F85F3 /* Inter-ThinItalic.otf */,
				EDB39F40289BA2FB007F85F3 /* Manrope-Bold.ttf */,
				EDB39F3D289BA2FB007F85F3 /* Manrope-ExtraBold.ttf */,
				EDB39F47289BA2FC007F85F3 /* Manrope-ExtraLight.ttf */,
				EDB39F38289BA2FB007F85F3 /* Manrope-Light.ttf */,
				EDB39F49289BA2FC007F85F3 /* Manrope-Medium.ttf */,
				EDB39F4A289BA2FC007F85F3 /* Manrope-Regular.ttf */,
				EDB39F4B289BA2FC007F85F3 /* Manrope-SemiBold.ttf */,
			);
			path = Fonts;
			sourceTree = "<group>";
		};
		EDB39F6D289BB1D3007F85F3 /* TabView */ = {
			isa = PBXGroup;
			children = (
				ED99CE1F289A953D00A2DE1F /* BottomView.swift */,
				EDB39F7B289BD1E5007F85F3 /* TopView.swift */,
				EDB39F6B289BA7DF007F85F3 /* TabItemView.swift */,
			);
			path = TabView;
			sourceTree = "<group>";
		};
		EDC1BDDC289CFE7200FBD424 /* Faq */ = {
			isa = PBXGroup;
			children = (
				EDB39F7F289BEE3D007F85F3 /* QuestionView.swift */,
				EDC1BDDD289CFED800FBD424 /* FaqPageView.swift */,
			);
			path = Faq;
			sourceTree = "<group>";
		};
		EDC1BDDF289D081800FBD424 /* Offers */ = {
			isa = PBXGroup;
			children = (
				EDB39F6F289BB39F007F85F3 /* OfferView.swift */,
				ED4BF97228A129AB001E29E7 /* OffersPageView.swift */,
				ED63810328AF2C3900B856DF /* OfferDetailView.swift */,
				ED63810528AF2CA400B856DF /* OfferWebView.swift */,
			);
			path = Offers;
			sourceTree = "<group>";
		};
		EDC1BDE6289D32FD00FBD424 /* News */ = {
			isa = PBXGroup;
			children = (
				EDC1BDE0289D082600FBD424 /* NewsView.swift */,
				EDC1BDE2289D2CF700FBD424 /* NewsPageView.swift */,
				EDC1BDE7289D35D400FBD424 /* NewsDetailView.swift */,
				EDA624E228AA26400064C176 /* NewsWebView.swift */,
			);
			path = News;
			sourceTree = "<group>";
		};
		EDC3CC1428A5F4C200CE349B /* Views */ = {
			isa = PBXGroup;
			children = (
				ED99CE1D289A872C00A2DE1F /* MainView.swift */,
				EDC1BDDC289CFE7200FBD424 /* Faq */,
				EDC1BDE6289D32FD00FBD424 /* News */,
				EDC1BDDF289D081800FBD424 /* Offers */,
				EDB39F6D289BB1D3007F85F3 /* TabView */,
			);
			path = Views;
			sourceTree = "<group>";
		};
		EDC3CC1528A5F4CA00CE349B /* ViewModels */ = {
			isa = PBXGroup;
			children = (
				EDC1BDE4289D2EC800FBD424 /* NewsViewModel.swift */,
				EDC1BDDA289CF8FF00FBD424 /* QuestionViewModel.swift */,
				EDC3CC1F28A5FEEF00CE349B /* OfferViewModel.swift */,
			);
			path = ViewModels;
			sourceTree = "<group>";
		};
		EDC3CC1628A5F4D300CE349B /* Models */ = {
			isa = PBXGroup;
			children = (
				EDC3CC1728A5F52700CE349B /* RoundedCornersShape.swift */,
				ED63810728AF325000B856DF /* LoadingView.swift */,
				EDC3CC1928A5F57E00CE349B /* News.swift */,
				EDC3CC1B28A5F65200CE349B /* Question.swift */,
				EDC3CC1D28A5FDFD00CE349B /* Offer.swift */,
				EDC3CC4828A61AFF00CE349B /* TabItem.swift */,
			);
			path = Models;
			sourceTree = "<group>";
		};
/* End PBXGroup section */

/* Begin PBXNativeTarget section */
		ED99CE08289A54D500A2DE1F /* CreditMix */ = {
			isa = PBXNativeTarget;
			buildConfigurationList = ED99CE17289A54D600A2DE1F /* Build configuration list for PBXNativeTarget "CreditMix" */;
			buildPhases = (
				ED99CE05289A54D500A2DE1F /* Sources */,
				ED99CE06289A54D500A2DE1F /* Frameworks */,
				ED99CE07289A54D500A2DE1F /* Resources */,
			);
			buildRules = (
			);
			dependencies = (
			);
			name = CreditMix;
			packageProductDependencies = (
			);
			productName = CreditMix;
			productReference = ED99CE09289A54D500A2DE1F /* CreditMix.app */;
			productType = "com.apple.product-type.application";
		};
/* End PBXNativeTarget section */

/* Begin PBXProject section */
		ED99CE01289A54D500A2DE1F /* Project object */ = {
			isa = PBXProject;
			attributes = {
				BuildIndependentTargetsInParallel = 1;
				LastSwiftUpdateCheck = 1330;
				LastUpgradeCheck = 1330;
				TargetAttributes = {
					ED99CE08289A54D500A2DE1F = {
						CreatedOnToolsVersion = 13.3;
					};
				};
			};
			buildConfigurationList = ED99CE04289A54D500A2DE1F /* Build configuration list for PBXProject "CreditMix" */;
			compatibilityVersion = "Xcode 13.0";
			developmentRegion = en;
			hasScannedForEncodings = 0;
			knownRegions = (
				en,
				es,
				vi,
			);
			mainGroup = ED99CE00289A54D500A2DE1F;
			packageReferences = (
			);
			productRefGroup = ED99CE0A289A54D500A2DE1F /* Products */;
			projectDirPath = "";
			projectRoot = "";
			targets = (
				ED99CE08289A54D500A2DE1F /* CreditMix */,
			);
		};
/* End PBXProject section */

/* Begin PBXResourcesBuildPhase section */
		ED99CE07289A54D500A2DE1F /* Resources */ = {
			isa = PBXResourcesBuildPhase;
			buildActionMask = 2147483647;
			files = (
				EDB39F65289BA2FC007F85F3 /* Inter-Bold.otf in Resources */,
				EDB39F54289BA2FC007F85F3 /* Inter-Italic.otf in Resources */,
				EDB39F61289BA2FC007F85F3 /* Inter-ExtraLight.otf in Resources */,
				EDB39F5A289BA2FC007F85F3 /* Inter-Regular.otf in Resources */,
				EDB39F55289BA2FC007F85F3 /* Inter-Black.otf in Resources */,
				EDB39F64289BA2FC007F85F3 /* Manrope-SemiBold.ttf in Resources */,
				EDB39F5E289BA2FC007F85F3 /* Inter-SemiBoldItalic.otf in Resources */,
				ED99CE14289A54D600A2DE1F /* Preview Assets.xcassets in Resources */,
				EDB39F5D289BA2FC007F85F3 /* Inter-BoldItalic.otf in Resources */,
				EDB39F76289BBB12007F85F3 /* Golos Text_Black.ttf in Resources */,
				EDB39F5B289BA2FC007F85F3 /* Inter-SemiBold.otf in Resources */,
				EDB39F60289BA2FC007F85F3 /* Manrope-ExtraLight.ttf in Resources */,
				EDB39F7A289BBB12007F85F3 /* Golos Text_Regular.ttf in Resources */,
				EDB39F57289BA2FC007F85F3 /* Inter-LightItalic.otf in Resources */,
				EDB39F51289BA2FC007F85F3 /* Manrope-Light.ttf in Resources */,
				EDB39F5F289BA2FC007F85F3 /* Inter-Light.otf in Resources */,
				EDB39F69289BA2FC007F85F3 /* Inter-ExtraBold.otf in Resources */,
				ED47C74B28AA08E700CA1C71 /* Localizable.strings in Resources */,
				EDB39F5C289BA2FC007F85F3 /* Inter-ThinItalic.otf in Resources */,
				ED99CE11289A54D600A2DE1F /* Assets.xcassets in Resources */,
				EDB39F62289BA2FC007F85F3 /* Manrope-Medium.ttf in Resources */,
				EDB39F79289BBB12007F85F3 /* Golos Text_Medium.ttf in Resources */,
				EDB39F56289BA2FC007F85F3 /* Manrope-ExtraBold.ttf in Resources */,
				EDB39F78289BBB12007F85F3 /* Golos Text_Bold.ttf in Resources */,
				EDB39F77289BBB12007F85F3 /* Golos Text_DemiBold.ttf in Resources */,
				EDB39F53289BA2FC007F85F3 /* Inter-BlackItalic.otf in Resources */,
				EDB39F66289BA2FC007F85F3 /* Inter-MediumItalic.otf in Resources */,
				EDB39F58289BA2FC007F85F3 /* Inter-ExtraBoldItalic.otf in Resources */,
				EDB39F52289BA2FC007F85F3 /* Inter-Thin.otf in Resources */,
				EDB39F59289BA2FC007F85F3 /* Manrope-Bold.ttf in Resources */,
				EDB39F67289BA2FC007F85F3 /* Inter-ExtraLightItalic.otf in Resources */,
				EDB39F63289BA2FC007F85F3 /* Manrope-Regular.ttf in Resources */,
				EDB39F68289BA2FC007F85F3 /* Inter-Medium.otf in Resources */,
			);
			runOnlyForDeploymentPostprocessing = 0;
		};
/* End PBXResourcesBuildPhase section */

/* Begin PBXSourcesBuildPhase section */
		ED99CE05289A54D500A2DE1F /* Sources */ = {
			isa = PBXSourcesBuildPhase;
			buildActionMask = 2147483647;
			files = (
				ED63810428AF2C3900B856DF /* OfferDetailView.swift in Sources */,
				EDC1BDDE289CFED800FBD424 /* FaqPageView.swift in Sources */,
				ED63810828AF325000B856DF /* LoadingView.swift in Sources */,
				EDB39F7C289BD1E5007F85F3 /* TopView.swift in Sources */,
				EDC1BDDB289CF8FF00FBD424 /* QuestionViewModel.swift in Sources */,
				EDC3CC4928A61AFF00CE349B /* TabItem.swift in Sources */,
				EDC1BDE3289D2CF700FBD424 /* NewsPageView.swift in Sources */,
				EDC3CC2028A5FEEF00CE349B /* OfferViewModel.swift in Sources */,
				EDC1BDE8289D35D400FBD424 /* NewsDetailView.swift in Sources */,
				EDB39F80289BEE3D007F85F3 /* QuestionView.swift in Sources */,
				ED99CE1E289A872C00A2DE1F /* MainView.swift in Sources */,
				EDC3CC1C28A5F65200CE349B /* Question.swift in Sources */,
				EDB39F70289BB39F007F85F3 /* OfferView.swift in Sources */,
				EDA624E328AA26400064C176 /* NewsWebView.swift in Sources */,
				EDC1BDE1289D082600FBD424 /* NewsView.swift in Sources */,
				ED99CE20289A953D00A2DE1F /* BottomView.swift in Sources */,
				ED4BF97328A129AB001E29E7 /* OffersPageView.swift in Sources */,
				ED63810628AF2CA400B856DF /* OfferWebView.swift in Sources */,
				EDC3CC1E28A5FDFD00CE349B /* Offer.swift in Sources */,
				EDB39F6C289BA7DF007F85F3 /* TabItemView.swift in Sources */,
				EDC1BDE5289D2EC800FBD424 /* NewsViewModel.swift in Sources */,
				EDC3CC4728A619D100CE349B /* ViewStyles.swift in Sources */,
				EDC3CC1828A5F52700CE349B /* RoundedCornersShape.swift in Sources */,
				EDC3CC1A28A5F57E00CE349B /* News.swift in Sources */,
				EDB39F36289BA23E007F85F3 /* Utilities.swift in Sources */,
				ED99CE0D289A54D500A2DE1F /* CreditMixApp.swift in Sources */,
			);
			runOnlyForDeploymentPostprocessing = 0;
		};
/* End PBXSourcesBuildPhase section */

/* Begin PBXVariantGroup section */
		ED47C74D28AA08E700CA1C71 /* Localizable.strings */ = {
			isa = PBXVariantGroup;
			children = (
				ED47C74C28AA08E700CA1C71 /* es */,
				ED47C74F28AA096800CA1C71 /* vi */,
				ED24514E28ABABC6007C3FF1 /* en */,
			);
			name = Localizable.strings;
			sourceTree = "<group>";
		};
/* End PBXVariantGroup section */

/* Begin XCBuildConfiguration section */
		ED99CE15289A54D600A2DE1F /* Debug */ = {
			isa = XCBuildConfiguration;
			buildSettings = {
				ALWAYS_SEARCH_USER_PATHS = NO;
				CLANG_ANALYZER_NONNULL = YES;
				CLANG_ANALYZER_NUMBER_OBJECT_CONVERSION = YES_AGGRESSIVE;
				CLANG_CXX_LANGUAGE_STANDARD = "gnu++17";
				CLANG_ENABLE_MODULES = YES;
				CLANG_ENABLE_OBJC_ARC = YES;
				CLANG_ENABLE_OBJC_WEAK = YES;
				CLANG_WARN_BLOCK_CAPTURE_AUTORELEASING = YES;
				CLANG_WARN_BOOL_CONVERSION = YES;
				CLANG_WARN_COMMA = YES;
				CLANG_WARN_CONSTANT_CONVERSION = YES;
				CLANG_WARN_DEPRECATED_OBJC_IMPLEMENTATIONS = YES;
				CLANG_WARN_DIRECT_OBJC_ISA_USAGE = YES_ERROR;
				CLANG_WARN_DOCUMENTATION_COMMENTS = YES;
				CLANG_WARN_EMPTY_BODY = YES;
				CLANG_WARN_ENUM_CONVERSION = YES;
				CLANG_WARN_INFINITE_RECURSION = YES;
				CLANG_WARN_INT_CONVERSION = YES;
				CLANG_WARN_NON_LITERAL_NULL_CONVERSION = YES;
				CLANG_WARN_OBJC_IMPLICIT_RETAIN_SELF = YES;
				CLANG_WARN_OBJC_LITERAL_CONVERSION = YES;
				CLANG_WARN_OBJC_ROOT_CLASS = YES_ERROR;
				CLANG_WARN_QUOTED_INCLUDE_IN_FRAMEWORK_HEADER = YES;
				CLANG_WARN_RANGE_LOOP_ANALYSIS = YES;
				CLANG_WARN_STRICT_PROTOTYPES = YES;
				CLANG_WARN_SUSPICIOUS_MOVE = YES;
				CLANG_WARN_UNGUARDED_AVAILABILITY = YES_AGGRESSIVE;
				CLANG_WARN_UNREACHABLE_CODE = YES;
				CLANG_WARN__DUPLICATE_METHOD_MATCH = YES;
				COPY_PHASE_STRIP = NO;
				DEBUG_INFORMATION_FORMAT = dwarf;
				ENABLE_STRICT_OBJC_MSGSEND = YES;
				ENABLE_TESTABILITY = YES;
				GCC_C_LANGUAGE_STANDARD = gnu11;
				GCC_DYNAMIC_NO_PIC = NO;
				GCC_NO_COMMON_BLOCKS = YES;
				GCC_OPTIMIZATION_LEVEL = 0;
				GCC_PREPROCESSOR_DEFINITIONS = (
					"DEBUG=1",
					"$(inherited)",
				);
				GCC_WARN_64_TO_32_BIT_CONVERSION = YES;
				GCC_WARN_ABOUT_RETURN_TYPE = YES_ERROR;
				GCC_WARN_UNDECLARED_SELECTOR = YES;
				GCC_WARN_UNINITIALIZED_AUTOS = YES_AGGRESSIVE;
				GCC_WARN_UNUSED_FUNCTION = YES;
				GCC_WARN_UNUSED_VARIABLE = YES;
				IPHONEOS_DEPLOYMENT_TARGET = 15.4;
				MTL_ENABLE_DEBUG_INFO = INCLUDE_SOURCE;
				MTL_FAST_MATH = YES;
				ONLY_ACTIVE_ARCH = YES;
				SDKROOT = iphoneos;
				SWIFT_ACTIVE_COMPILATION_CONDITIONS = DEBUG;
				SWIFT_OPTIMIZATION_LEVEL = "-Onone";
			};
			name = Debug;
		};
		ED99CE16289A54D600A2DE1F /* Release */ = {
			isa = XCBuildConfiguration;
			buildSettings = {
				ALWAYS_SEARCH_USER_PATHS = NO;
				CLANG_ANALYZER_NONNULL = YES;
				CLANG_ANALYZER_NUMBER_OBJECT_CONVERSION = YES_AGGRESSIVE;
				CLANG_CXX_LANGUAGE_STANDARD = "gnu++17";
				CLANG_ENABLE_MODULES = YES;
				CLANG_ENABLE_OBJC_ARC = YES;
				CLANG_ENABLE_OBJC_WEAK = YES;
				CLANG_WARN_BLOCK_CAPTURE_AUTORELEASING = YES;
				CLANG_WARN_BOOL_CONVERSION = YES;
				CLANG_WARN_COMMA = YES;
				CLANG_WARN_CONSTANT_CONVERSION = YES;
				CLANG_WARN_DEPRECATED_OBJC_IMPLEMENTATIONS = YES;
				CLANG_WARN_DIRECT_OBJC_ISA_USAGE = YES_ERROR;
				CLANG_WARN_DOCUMENTATION_COMMENTS = YES;
				CLANG_WARN_EMPTY_BODY = YES;
				CLANG_WARN_ENUM_CONVERSION = YES;
				CLANG_WARN_INFINITE_RECURSION = YES;
				CLANG_WARN_INT_CONVERSION = YES;
				CLANG_WARN_NON_LITERAL_NULL_CONVERSION = YES;
				CLANG_WARN_OBJC_IMPLICIT_RETAIN_SELF = YES;
				CLANG_WARN_OBJC_LITERAL_CONVERSION = YES;
				CLANG_WARN_OBJC_ROOT_CLASS = YES_ERROR;
				CLANG_WARN_QUOTED_INCLUDE_IN_FRAMEWORK_HEADER = YES;
				CLANG_WARN_RANGE_LOOP_ANALYSIS = YES;
				CLANG_WARN_STRICT_PROTOTYPES = YES;
				CLANG_WARN_SUSPICIOUS_MOVE = YES;
				CLANG_WARN_UNGUARDED_AVAILABILITY = YES_AGGRESSIVE;
				CLANG_WARN_UNREACHABLE_CODE = YES;
				CLANG_WARN__DUPLICATE_METHOD_MATCH = YES;
				COPY_PHASE_STRIP = NO;
				DEBUG_INFORMATION_FORMAT = "dwarf-with-dsym";
				ENABLE_NS_ASSERTIONS = NO;
				ENABLE_STRICT_OBJC_MSGSEND = YES;
				GCC_C_LANGUAGE_STANDARD = gnu11;
				GCC_NO_COMMON_BLOCKS = YES;
				GCC_WARN_64_TO_32_BIT_CONVERSION = YES;
				GCC_WARN_ABOUT_RETURN_TYPE = YES_ERROR;
				GCC_WARN_UNDECLARED_SELECTOR = YES;
				GCC_WARN_UNINITIALIZED_AUTOS = YES_AGGRESSIVE;
				GCC_WARN_UNUSED_FUNCTION = YES;
				GCC_WARN_UNUSED_VARIABLE = YES;
				IPHONEOS_DEPLOYMENT_TARGET = 15.4;
				MTL_ENABLE_DEBUG_INFO = NO;
				MTL_FAST_MATH = YES;
				SDKROOT = iphoneos;
				SWIFT_COMPILATION_MODE = wholemodule;
				SWIFT_OPTIMIZATION_LEVEL = "-O";
				VALIDATE_PRODUCT = YES;
			};
			name = Release;
		};
		ED99CE18289A54D600A2DE1F /* Debug */ = {
			isa = XCBuildConfiguration;
			buildSettings = {
				ASSETCATALOG_COMPILER_APPICON_NAME = AppIcon;
				ASSETCATALOG_COMPILER_GLOBAL_ACCENT_COLOR_NAME = AccentColor;
				CODE_SIGN_ENTITLEMENTS = CreditMix/CreditMix.entitlements;
				CODE_SIGN_IDENTITY = "Apple Development";
				CODE_SIGN_STYLE = Automatic;
				CURRENT_PROJECT_VERSION = 1;
				DEVELOPMENT_ASSET_PATHS = "\"CreditMix/Preview Content\"";
				DEVELOPMENT_TEAM = D3VG74288A;
				ENABLE_PREVIEWS = YES;
				GENERATE_INFOPLIST_FILE = YES;
				INFOPLIST_FILE = CreditMix/Info.plist;
				INFOPLIST_KEY_UIApplicationSceneManifest_Generation = YES;
				INFOPLIST_KEY_UIApplicationSupportsIndirectInputEvents = YES;
				INFOPLIST_KEY_UISupportedInterfaceOrientations = UIInterfaceOrientationPortrait;
				INFOPLIST_KEY_UISupportedInterfaceOrientations_iPad = "UIInterfaceOrientationPortrait UIInterfaceOrientationPortraitUpsideDown UIInterfaceOrientationLandscapeLeft UIInterfaceOrientationLandscapeRight";
				INFOPLIST_KEY_UISupportedInterfaceOrientations_iPhone = UIInterfaceOrientationPortrait;
				IPHONEOS_DEPLOYMENT_TARGET = 15.0;
				LD_RUNPATH_SEARCH_PATHS = (
					"$(inherited)",
					"@executable_path/Frameworks",
				);
				MARKETING_VERSION = 1.0;
				PRODUCT_BUNDLE_IDENTIFIER = com.KirillRam.CreditMix;
				PRODUCT_NAME = "$(TARGET_NAME)";
				PROVISIONING_PROFILE_SPECIFIER = "";
				SWIFT_EMIT_LOC_STRINGS = YES;
				SWIFT_VERSION = 5.0;
				TARGETED_DEVICE_FAMILY = 1;
			};
			name = Debug;
		};
		ED99CE19289A54D600A2DE1F /* Release */ = {
			isa = XCBuildConfiguration;
			buildSettings = {
				ASSETCATALOG_COMPILER_APPICON_NAME = AppIcon;
				ASSETCATALOG_COMPILER_GLOBAL_ACCENT_COLOR_NAME = AccentColor;
				CODE_SIGN_ENTITLEMENTS = CreditMix/CreditMix.entitlements;
				CODE_SIGN_IDENTITY = "Apple Development";
				CODE_SIGN_STYLE = Automatic;
				CURRENT_PROJECT_VERSION = 1;
				DEVELOPMENT_ASSET_PATHS = "\"CreditMix/Preview Content\"";
				DEVELOPMENT_TEAM = D3VG74288A;
				ENABLE_PREVIEWS = YES;
				GENERATE_INFOPLIST_FILE = YES;
				INFOPLIST_FILE = CreditMix/Info.plist;
				INFOPLIST_KEY_UIApplicationSceneManifest_Generation = YES;
				INFOPLIST_KEY_UIApplicationSupportsIndirectInputEvents = YES;
				INFOPLIST_KEY_UISupportedInterfaceOrientations = UIInterfaceOrientationPortrait;
				INFOPLIST_KEY_UISupportedInterfaceOrientations_iPad = "UIInterfaceOrientationPortrait UIInterfaceOrientationPortraitUpsideDown UIInterfaceOrientationLandscapeLeft UIInterfaceOrientationLandscapeRight";
				INFOPLIST_KEY_UISupportedInterfaceOrientations_iPhone = UIInterfaceOrientationPortrait;
				IPHONEOS_DEPLOYMENT_TARGET = 15.0;
				LD_RUNPATH_SEARCH_PATHS = (
					"$(inherited)",
					"@executable_path/Frameworks",
				);
				MARKETING_VERSION = 1.0;
				PRODUCT_BUNDLE_IDENTIFIER = com.KirillRam.CreditMix;
				PRODUCT_NAME = "$(TARGET_NAME)";
				PROVISIONING_PROFILE_SPECIFIER = "";
				SWIFT_EMIT_LOC_STRINGS = YES;
				SWIFT_VERSION = 5.0;
				TARGETED_DEVICE_FAMILY = 1;
			};
			name = Release;
		};
/* End XCBuildConfiguration section */

/* Begin XCConfigurationList section */
		ED99CE04289A54D500A2DE1F /* Build configuration list for PBXProject "CreditMix" */ = {
			isa = XCConfigurationList;
			buildConfigurations = (
				ED99CE15289A54D600A2DE1F /* Debug */,
				ED99CE16289A54D600A2DE1F /* Release */,
			);
			defaultConfigurationIsVisible = 0;
			defaultConfigurationName = Release;
		};
		ED99CE17289A54D600A2DE1F /* Build configuration list for PBXNativeTarget "CreditMix" */ = {
			isa = XCConfigurationList;
			buildConfigurations = (
				ED99CE18289A54D600A2DE1F /* Debug */,
				ED99CE19289A54D600A2DE1F /* Release */,
			);
			defaultConfigurationIsVisible = 0;
			defaultConfigurationName = Release;
		};
/* End XCConfigurationList section */
	};
	rootObject = ED99CE01289A54D500A2DE1F /* Project object */;
}
